
Microsoft Visual Studio Solution File, Format Version 12.00
# Visual Studio 2013
VisualStudioVersion = 12.0.31101.0
MinimumVisualStudioVersion = 10.0.40219.1
Project("{2150E333-8FDC-42A3-9474-1A3956D46DE8}") = "O365-Universal-Connect", "O365-Universal-Connect", "{EBB87116-B4CE-4499-8B93-DFA20E1C83FE}"
EndProject
Project("{D954291E-2A0B-460D-934E-DC6B0785DB48}") = "O365-Universal-Connect.Shared", "O365-Universal-Connect\O365-Universal-Connect.Shared\O365-Universal-Connect.Shared.shproj", "{EA6A27EB-0994-49F8-A545-C6AA324A7DB1}"
EndProject
Project("{FAE04EC0-301F-11D3-BF4B-00C04F79EFBC}") = "O365-Universal-Connect.Windows", "O365-Universal-Connect\O365-Universal-Connect.Windows\O365-Universal-Connect.Windows.csproj", "{B15948C8-0049-4686-B24D-1077F73265B4}"
EndProject
Project("{FAE04EC0-301F-11D3-BF4B-00C04F79EFBC}") = "O365-Universal-Connect.WindowsPhone", "O365-Universal-Connect\O365-Universal-Connect.WindowsPhone\O365-Universal-Connect.WindowsPhone.csproj", "{52158E04-2C71-4EE2-AD01-F6207420C20B}"
EndProject
Global
	GlobalSection(SharedMSBuildProjectFiles) = preSolution
		O365-Universal-Connect\O365-Universal-Connect.Shared\O365-Universal-Connect.Shared.projitems*{52158e04-2c71-4ee2-ad01-f6207420c20b}*SharedItemsImports = 4
		O365-Universal-Connect\O365-Universal-Connect.Shared\O365-Universal-Connect.Shared.projitems*{b15948c8-0049-4686-b24d-1077f73265b4}*SharedItemsImports = 4
		O365-Universal-Connect\O365-Universal-Connect.Shared\O365-Universal-Connect.Shared.projitems*{ea6a27eb-0994-49f8-a545-c6aa324a7db1}*SharedItemsImports = 13
	EndGlobalSection
	GlobalSection(SolutionConfigurationPlatforms) = preSolution
		Debug|Any CPU = Debug|Any CPU
		Debug|ARM = Debug|ARM
		Debug|x64 = Debug|x64
		Debug|x86 = Debug|x86
		Release|Any CPU = Release|Any CPU
		Release|ARM = Release|ARM
		Release|x64 = Release|x64
		Release|x86 = Release|x86
	EndGlobalSection
	GlobalSection(ProjectConfigurationPlatforms) = postSolution
		{B15948C8-0049-4686-B24D-1077F73265B4}.Debug|Any CPU.ActiveCfg = Debug|Any CPU
		{B15948C8-0049-4686-B24D-1077F73265B4}.Debug|Any CPU.Build.0 = Debug|Any CPU
		{B15948C8-0049-4686-B24D-1077F73265B4}.Debug|Any CPU.Deploy.0 = Debug|Any CPU
		{B15948C8-0049-4686-B24D-1077F73265B4}.Debug|ARM.ActiveCfg = Debug|ARM
		{B15948C8-0049-4686-B24D-1077F73265B4}.Debug|ARM.Build.0 = Debug|ARM
		{B15948C8-0049-4686-B24D-1077F73265B4}.Debug|ARM.Deploy.0 = Debug|ARM
		{B15948C8-0049-4686-B24D-1077F73265B4}.Debug|x64.ActiveCfg = Debug|x64
		{B15948C8-0049-4686-B24D-1077F73265B4}.Debug|x64.Build.0 = Debug|x64
		{B15948C8-0049-4686-B24D-1077F73265B4}.Debug|x64.Deploy.0 = Debug|x64
		{B15948C8-0049-4686-B24D-1077F73265B4}.Debug|x86.ActiveCfg = Debug|x86
		{B15948C8-0049-4686-B24D-1077F73265B4}.Debug|x86.Build.0 = Debug|x86
		{B15948C8-0049-4686-B24D-1077F73265B4}.Debug|x86.Deploy.0 = Debug|x86
		{B15948C8-0049-4686-B24D-1077F73265B4}.Release|Any CPU.ActiveCfg = Release|Any CPU
		{B15948C8-0049-4686-B24D-1077F73265B4}.Release|Any CPU.Build.0 = Release|Any CPU
		{B15948C8-0049-4686-B24D-1077F73265B4}.Release|Any CPU.Deploy.0 = Release|Any CPU
		{B15948C8-0049-4686-B24D-1077F73265B4}.Release|ARM.ActiveCfg = Release|ARM
		{B15948C8-0049-4686-B24D-1077F73265B4}.Release|ARM.Build.0 = Release|ARM
		{B15948C8-0049-4686-B24D-1077F73265B4}.Release|ARM.Deploy.0 = Release|ARM
		{B15948C8-0049-4686-B24D-1077F73265B4}.Release|x64.ActiveCfg = Release|x64
		{B15948C8-0049-4686-B24D-1077F73265B4}.Release|x64.Build.0 = Release|x64
		{B15948C8-0049-4686-B24D-1077F73265B4}.Release|x64.Deploy.0 = Release|x64
		{B15948C8-0049-4686-B24D-1077F73265B4}.Release|x86.ActiveCfg = Release|x86
		{B15948C8-0049-4686-B24D-1077F73265B4}.Release|x86.Build.0 = Release|x86
		{B15948C8-0049-4686-B24D-1077F73265B4}.Release|x86.Deploy.0 = Release|x86
		{52158E04-2C71-4EE2-AD01-F6207420C20B}.Debug|Any CPU.ActiveCfg = Debug|Any CPU
		{52158E04-2C71-4EE2-AD01-F6207420C20B}.Debug|Any CPU.Build.0 = Debug|Any CPU
		{52158E04-2C71-4EE2-AD01-F6207420C20B}.Debug|Any CPU.Deploy.0 = Debug|Any CPU
		{52158E04-2C71-4EE2-AD01-F6207420C20B}.Debug|ARM.ActiveCfg = Debug|ARM
		{52158E04-2C71-4EE2-AD01-F6207420C20B}.Debug|ARM.Build.0 = Debug|ARM
		{52158E04-2C71-4EE2-AD01-F6207420C20B}.Debug|ARM.Deploy.0 = Debug|ARM
		{52158E04-2C71-4EE2-AD01-F6207420C20B}.Debug|x64.ActiveCfg = Debug|Any CPU
		{52158E04-2C71-4EE2-AD01-F6207420C20B}.Debug|x86.ActiveCfg = Debug|x86
		{52158E04-2C71-4EE2-AD01-F6207420C20B}.Debug|x86.Build.0 = Debug|x86
		{52158E04-2C71-4EE2-AD01-F6207420C20B}.Debug|x86.Deploy.0 = Debug|x86
		{52158E04-2C71-4EE2-AD01-F6207420C20B}.Release|Any CPU.ActiveCfg = Release|Any CPU
		{52158E04-2C71-4EE2-AD01-F6207420C20B}.Release|Any CPU.Build.0 = Release|Any CPU
		{52158E04-2C71-4EE2-AD01-F6207420C20B}.Release|Any CPU.Deploy.0 = Release|Any CPU
		{52158E04-2C71-4EE2-AD01-F6207420C20B}.Release|ARM.ActiveCfg = Release|ARM
		{52158E04-2C71-4EE2-AD01-F6207420C20B}.Release|ARM.Build.0 = Release|ARM
		{52158E04-2C71-4EE2-AD01-F6207420C20B}.Release|ARM.Deploy.0 = Release|ARM
		{52158E04-2C71-4EE2-AD01-F6207420C20B}.Release|x64.ActiveCfg = Release|Any CPU
		{52158E04-2C71-4EE2-AD01-F6207420C20B}.Release|x86.ActiveCfg = Release|x86
		{52158E04-2C71-4EE2-AD01-F6207420C20B}.Release|x86.Build.0 = Release|x86
		{52158E04-2C71-4EE2-AD01-F6207420C20B}.Release|x86.Deploy.0 = Release|x86
	EndGlobalSection
	GlobalSection(SolutionProperties) = preSolution
		HideSolutionNode = FALSE
	EndGlobalSection
	GlobalSection(NestedProjects) = preSolution
		{EA6A27EB-0994-49F8-A545-C6AA324A7DB1} = {EBB87116-B4CE-4499-8B93-DFA20E1C83FE}
		{B15948C8-0049-4686-B24D-1077F73265B4} = {EBB87116-B4CE-4499-8B93-DFA20E1C83FE}
		{52158E04-2C71-4EE2-AD01-F6207420C20B} = {EBB87116-B4CE-4499-8B93-DFA20E1C83FE}
	EndGlobalSection
EndGlobal
